
Microsoft Visual Studio Solution File, Format Version 12.00
# Visual Studio 2017
Project("{FAE04EC0-301F-11D3-BF4B-00C04F79EFBC}") = "Tests", "tests.csproj", "{C0BB22FE-0304-4EAF-9FA8-38057CBA9F2A}"
EndProject
Project("{FAE04EC0-301F-11D3-BF4B-00C04F79EFBC}") = "RadixSort", "..\sorting\radixsort\radixsort.csproj", "{4890B166-0F94-42AC-B591-85ED8A5F1FE3}"
EndProject
Project("{FAE04EC0-301F-11D3-BF4B-00C04F79EFBC}") = "InsertionSort", "..\Sorting\InsertionSort\InsertionSort.csproj", "{B098057F-D2E4-4040-B5B7-1193C883296D}"
EndProject
Global
	GlobalSection(SolutionConfigurationPlatforms) = preSolution
		Debug|Any CPU = Debug|Any CPU
		Release|Any CPU = Release|Any CPU
	EndGlobalSection
	GlobalSection(ProjectConfigurationPlatforms) = postSolution
		{C0BB22FE-0304-4EAF-9FA8-38057CBA9F2A}.Debug|Any CPU.ActiveCfg = Debug|Any CPU
		{C0BB22FE-0304-4EAF-9FA8-38057CBA9F2A}.Debug|Any CPU.Build.0 = Debug|Any CPU
		{C0BB22FE-0304-4EAF-9FA8-38057CBA9F2A}.Release|Any CPU.ActiveCfg = Release|Any CPU
		{C0BB22FE-0304-4EAF-9FA8-38057CBA9F2A}.Release|Any CPU.Build.0 = Release|Any CPU
		{4890B166-0F94-42AC-B591-85ED8A5F1FE3}.Debug|Any CPU.ActiveCfg = Debug|Any CPU
		{4890B166-0F94-42AC-B591-85ED8A5F1FE3}.Debug|Any CPU.Build.0 = Debug|Any CPU
		{4890B166-0F94-42AC-B591-85ED8A5F1FE3}.Release|Any CPU.ActiveCfg = Release|Any CPU
		{4890B166-0F94-42AC-B591-85ED8A5F1FE3}.Release|Any CPU.Build.0 = Release|Any CPU
		{B098057F-D2E4-4040-B5B7-1193C883296D}.Debug|Any CPU.ActiveCfg = Debug|Any CPU
		{B098057F-D2E4-4040-B5B7-1193C883296D}.Debug|Any CPU.Build.0 = Debug|Any CPU
		{B098057F-D2E4-4040-B5B7-1193C883296D}.Release|Any CPU.ActiveCfg = Release|Any CPU
		{B098057F-D2E4-4040-B5B7-1193C883296D}.Release|Any CPU.Build.0 = Release|Any CPU
	EndGlobalSection
EndGlobal
