
Microsoft Visual Studio Solution File, Format Version 12.00
# Visual Studio 2017
Project("{FAE04EC0-301F-11D3-BF4B-00C04F79EFBC}") = "fibonaccisearch", "fibonaccisearch.csproj", "{8CE1B3F5-F9A8-4809-B597-96B32B202FEA}"
EndProject
Global
	GlobalSection(SolutionConfigurationPlatforms) = preSolution
		Debug|Any CPU = Debug|Any CPU
		Release|Any CPU = Release|Any CPU
	EndGlobalSection
	GlobalSection(ProjectConfigurationPlatforms) = postSolution
		{8CE1B3F5-F9A8-4809-B597-96B32B202FEA}.Debug|Any CPU.ActiveCfg = Debug|Any CPU
		{8CE1B3F5-F9A8-4809-B597-96B32B202FEA}.Debug|Any CPU.Build.0 = Debug|Any CPU
		{8CE1B3F5-F9A8-4809-B597-96B32B202FEA}.Release|Any CPU.ActiveCfg = Release|Any CPU
		{8CE1B3F5-F9A8-4809-B597-96B32B202FEA}.Release|Any CPU.Build.0 = Release|Any CPU
	EndGlobalSection
EndGlobal
